
Microsoft Visual Studio Solution File, Format Version 12.00
# Visual Studio 15
VisualStudioVersion = 15.0.28307.271
MinimumVisualStudioVersion = 10.0.40219.1
Project("{9A19103F-16F7-4668-BE54-9A1E7A4F7556}") = "DisneyMovieReviewSite", "DisneyMovieReviewSite\DisneyMovieReviewSite.csproj", "{6DE1221A-6C58-4FF2-8F5D-CAB8E4EACDE1}"
EndProject
Project("{9A19103F-16F7-4668-BE54-9A1E7A4F7556}") = "DisneyMovieReviewSite.Tests", "DisneyMovieReviewSite.Tests\DisneyMovieReviewSite.Tests.csproj", "{3FB8880D-90FE-4515-B9D4-95968D5E90D0}"
EndProject
Global
	GlobalSection(SolutionConfigurationPlatforms) = preSolution
		Debug|Any CPU = Debug|Any CPU
		Release|Any CPU = Release|Any CPU
	EndGlobalSection
	GlobalSection(ProjectConfigurationPlatforms) = postSolution
		{6DE1221A-6C58-4FF2-8F5D-CAB8E4EACDE1}.Debug|Any CPU.ActiveCfg = Debug|Any CPU
		{6DE1221A-6C58-4FF2-8F5D-CAB8E4EACDE1}.Debug|Any CPU.Build.0 = Debug|Any CPU
		{6DE1221A-6C58-4FF2-8F5D-CAB8E4EACDE1}.Release|Any CPU.ActiveCfg = Release|Any CPU
		{6DE1221A-6C58-4FF2-8F5D-CAB8E4EACDE1}.Release|Any CPU.Build.0 = Release|Any CPU
		{3FB8880D-90FE-4515-B9D4-95968D5E90D0}.Debug|Any CPU.ActiveCfg = Debug|Any CPU
		{3FB8880D-90FE-4515-B9D4-95968D5E90D0}.Debug|Any CPU.Build.0 = Debug|Any CPU
		{3FB8880D-90FE-4515-B9D4-95968D5E90D0}.Release|Any CPU.ActiveCfg = Release|Any CPU
		{3FB8880D-90FE-4515-B9D4-95968D5E90D0}.Release|Any CPU.Build.0 = Release|Any CPU
	EndGlobalSection
	GlobalSection(SolutionProperties) = preSolution
		HideSolutionNode = FALSE
	EndGlobalSection
	GlobalSection(ExtensibilityGlobals) = postSolution
		SolutionGuid = {367DB205-4F8F-48DD-A624-1EDD03637FAE}
	EndGlobalSection
EndGlobal
